
Microsoft Visual Studio Solution File, Format Version 12.00
# Visual Studio Version 16
VisualStudioVersion = 16.0.32228.343
MinimumVisualStudioVersion = 10.0.40219.1
Project("{9A19103F-16F7-4668-BE54-9A1E7A4F7556}") = "WordPuzzleHelperBot", "WordPuzzleHelperBot\WordPuzzleHelperBot.csproj", "{8320E92E-411A-4FF9-A148-9211D09CA4F4}"
EndProject
Project("{FAE04EC0-301F-11D3-BF4B-00C04F79EFBC}") = "WordPuzzleHelperBot.Tests", "WordPuzzleHelperBot.Tests\WordPuzzleHelperBot.Tests.csproj", "{10F9B48E-A29C-4E0F-B07D-70BA48030A76}"
EndProject
Global
	GlobalSection(SolutionConfigurationPlatforms) = preSolution
		Debug|Any CPU = Debug|Any CPU
		Release|Any CPU = Release|Any CPU
	EndGlobalSection
	GlobalSection(ProjectConfigurationPlatforms) = postSolution
		{8320E92E-411A-4FF9-A148-9211D09CA4F4}.Debug|Any CPU.ActiveCfg = Debug|Any CPU
		{8320E92E-411A-4FF9-A148-9211D09CA4F4}.Debug|Any CPU.Build.0 = Debug|Any CPU
		{8320E92E-411A-4FF9-A148-9211D09CA4F4}.Release|Any CPU.ActiveCfg = Release|Any CPU
		{8320E92E-411A-4FF9-A148-9211D09CA4F4}.Release|Any CPU.Build.0 = Release|Any CPU
		{10F9B48E-A29C-4E0F-B07D-70BA48030A76}.Debug|Any CPU.ActiveCfg = Debug|Any CPU
		{10F9B48E-A29C-4E0F-B07D-70BA48030A76}.Debug|Any CPU.Build.0 = Debug|Any CPU
		{10F9B48E-A29C-4E0F-B07D-70BA48030A76}.Release|Any CPU.ActiveCfg = Release|Any CPU
		{10F9B48E-A29C-4E0F-B07D-70BA48030A76}.Release|Any CPU.Build.0 = Release|Any CPU
	EndGlobalSection
	GlobalSection(SolutionProperties) = preSolution
		HideSolutionNode = FALSE
	EndGlobalSection
	GlobalSection(ExtensibilityGlobals) = postSolution
		SolutionGuid = {EAFCB496-D730-4070-8535-26E997F61446}
	EndGlobalSection
EndGlobal
